{
  "name": "@agentlintel/cli",
  "version": "2.0.0-alpha.7",
  "lockfileVersion": 3,
  "requires": true,
  "packages": {
    "": {
      "name": "@agentlintel/cli",
      "version": "2.0.0-alpha.7",
      "license": "FSL-1.1-ALv2",
      "dependencies": {
        "yaml": "^2.8.4"
      },
      "bin": {
        "agentlintel": "bin/agentlintel.js"
      },
      "engines": {
        "node": ">=18"
      }
    },
    "node_modules/yaml": {
      "version": "2.9.0",
      "license": "ISC",
      "bin": {
        "yaml": "bin.mjs"
      },
      "engines": {
        "node": ">= 14.6"
      },
      "funding": {
        "url": "https://github.com/sponsors/eemeli"
      }
    }
  }
}
